
Microsoft Visual Studio Solution File, Format Version 12.00
# Visual Studio Version 17
VisualStudioVersion = 17.7.34202.233
MinimumVisualStudioVersion = 10.0.40219.1
Project("{FAE04EC0-301F-11D3-BF4B-00C04F79EFBC}") = "Project1", "Project1\Project1.csproj", "{6E893336-1955-4E37-B82D-9B98A297A5F2}"
EndProject
Global
	GlobalSection(SolutionConfigurationPlatforms) = preSolution
		Debug|Any CPU = Debug|Any CPU
		Release|Any CPU = Release|Any CPU
	EndGlobalSection
	GlobalSection(ProjectConfigurationPlatforms) = postSolution
		{6E893336-1955-4E37-B82D-9B98A297A5F2}.Debug|Any CPU.ActiveCfg = Debug|Any CPU
		{6E893336-1955-4E37-B82D-9B98A297A5F2}.Debug|Any CPU.Build.0 = Debug|Any CPU
		{6E893336-1955-4E37-B82D-9B98A297A5F2}.Release|Any CPU.ActiveCfg = Release|Any CPU
		{6E893336-1955-4E37-B82D-9B98A297A5F2}.Release|Any CPU.Build.0 = Release|Any CPU
	EndGlobalSection
	GlobalSection(SolutionProperties) = preSolution
		HideSolutionNode = FALSE
	EndGlobalSection
	GlobalSection(ExtensibilityGlobals) = postSolution
		SolutionGuid = {75F45FF0-16C9-417A-B6AC-C4A4FAB1267E}
	EndGlobalSection
EndGlobal
